// !$*UTF8*$!
{
	archiveVersion = 1;
	classes = {
	};
	objectVersion = 56;
	objects = {

/* Begin PBXBuildFile section */
		3038CA542A60DE7D0038058A /* MenuItem.swift in Sources */ = {isa = PBXBuildFile; fileRef = 306C79C22A55D969001860E6 /* MenuItem.swift */; };
		3038CA552A60DE830038058A /* MenuList.swift in Sources */ = {isa = PBXBuildFile; fileRef = 306C79BE2A55D7B2001860E6 /* MenuList.swift */; };
		3038CA562A60DE8C0038058A /* MenuItemDetails.swift in Sources */ = {isa = PBXBuildFile; fileRef = 306C79DF2A5C5BC9001860E6 /* MenuItemDetails.swift */; };
		3038CA572A60E1C70038058A /* ExampleDatabase.xcdatamodeld in Sources */ = {isa = PBXBuildFile; fileRef = 306C79C62A574840001860E6 /* ExampleDatabase.xcdatamodeld */; };
		3038CA592A60E3AF0038058A /* Dish+CoreDataClass.swift in Sources */ = {isa = PBXBuildFile; fileRef = 306C79D72A586AA4001860E6 /* Dish+CoreDataClass.swift */; };
		3038CA5A2A60E3E00038058A /* Dish+CoreDataProperties.swift in Sources */ = {isa = PBXBuildFile; fileRef = 306C79D82A586AA4001860E6 /* Dish+CoreDataProperties.swift */; };
		3038CA5C2A64566A0038058A /* headerView.swift in Sources */ = {isa = PBXBuildFile; fileRef = 3038CA5B2A64566A0038058A /* headerView.swift */; };
		3038CA5D2A64566A0038058A /* headerView.swift in Sources */ = {isa = PBXBuildFile; fileRef = 3038CA5B2A64566A0038058A /* headerView.swift */; };
		3038CA5E2A64566A0038058A /* headerView.swift in Sources */ = {isa = PBXBuildFile; fileRef = 3038CA5B2A64566A0038058A /* headerView.swift */; };
		3038CA642A6470EB0038058A /* HeroView.swift in Sources */ = {isa = PBXBuildFile; fileRef = 3038CA632A6470EB0038058A /* HeroView.swift */; };
		3038CA652A6470EB0038058A /* HeroView.swift in Sources */ = {isa = PBXBuildFile; fileRef = 3038CA632A6470EB0038058A /* HeroView.swift */; };
		3038CA662A6470EB0038058A /* HeroView.swift in Sources */ = {isa = PBXBuildFile; fileRef = 3038CA632A6470EB0038058A /* HeroView.swift */; };
		3038CA682A647EC90038058A /* MenuBreakdown.swift in Sources */ = {isa = PBXBuildFile; fileRef = 3038CA672A647EC90038058A /* MenuBreakdown.swift */; };
		3038CA692A647EC90038058A /* MenuBreakdown.swift in Sources */ = {isa = PBXBuildFile; fileRef = 3038CA672A647EC90038058A /* MenuBreakdown.swift */; };
		3038CA6A2A647EC90038058A /* MenuBreakdown.swift in Sources */ = {isa = PBXBuildFile; fileRef = 3038CA672A647EC90038058A /* MenuBreakdown.swift */; };
		306C79A82A4F27DB001860E6 /* Onboarding.swift in Sources */ = {isa = PBXBuildFile; fileRef = 306C79A62A4F27DB001860E6 /* Onboarding.swift */; };
		306C79A92A4F27DB001860E6 /* Onboarding.swift in Sources */ = {isa = PBXBuildFile; fileRef = 306C79A62A4F27DB001860E6 /* Onboarding.swift */; };
		306C79AC2A531D66001860E6 /* Home.swift in Sources */ = {isa = PBXBuildFile; fileRef = 306C79AA2A531D66001860E6 /* Home.swift */; };
		306C79AD2A531D66001860E6 /* Home.swift in Sources */ = {isa = PBXBuildFile; fileRef = 306C79AA2A531D66001860E6 /* Home.swift */; };
		306C79B02A5324BC001860E6 /* Menu.swift in Sources */ = {isa = PBXBuildFile; fileRef = 306C79AE2A5324BC001860E6 /* Menu.swift */; };
		306C79B12A5324BC001860E6 /* Menu.swift in Sources */ = {isa = PBXBuildFile; fileRef = 306C79AE2A5324BC001860E6 /* Menu.swift */; };
		306C79B42A5351D3001860E6 /* UserProfile.swift in Sources */ = {isa = PBXBuildFile; fileRef = 306C79B22A5351D3001860E6 /* UserProfile.swift */; };
		306C79B52A5351D3001860E6 /* UserProfile.swift in Sources */ = {isa = PBXBuildFile; fileRef = 306C79B22A5351D3001860E6 /* UserProfile.swift */; };
		306C79B92A55D71F001860E6 /* Persistence.swift in Sources */ = {isa = PBXBuildFile; fileRef = 306C79B62A55D71F001860E6 /* Persistence.swift */; };
		306C79BA2A55D71F001860E6 /* Persistence.swift in Sources */ = {isa = PBXBuildFile; fileRef = 306C79B62A55D71F001860E6 /* Persistence.swift */; };
		306C79BC2A55D71F001860E6 /* FetchedObjects.swift in Sources */ = {isa = PBXBuildFile; fileRef = 306C79B72A55D71F001860E6 /* FetchedObjects.swift */; };
		306C79BD2A55D71F001860E6 /* FetchedObjects.swift in Sources */ = {isa = PBXBuildFile; fileRef = 306C79B72A55D71F001860E6 /* FetchedObjects.swift */; };
		306C79C02A55D7B2001860E6 /* MenuList.swift in Sources */ = {isa = PBXBuildFile; fileRef = 306C79BE2A55D7B2001860E6 /* MenuList.swift */; };
		306C79C12A55D7B2001860E6 /* MenuList.swift in Sources */ = {isa = PBXBuildFile; fileRef = 306C79BE2A55D7B2001860E6 /* MenuList.swift */; };
		306C79C42A55D96A001860E6 /* MenuItem.swift in Sources */ = {isa = PBXBuildFile; fileRef = 306C79C22A55D969001860E6 /* MenuItem.swift */; };
		306C79C52A55D96A001860E6 /* MenuItem.swift in Sources */ = {isa = PBXBuildFile; fileRef = 306C79C22A55D969001860E6 /* MenuItem.swift */; };
		306C79C92A574840001860E6 /* ExampleDatabase.xcdatamodeld in Sources */ = {isa = PBXBuildFile; fileRef = 306C79C62A574840001860E6 /* ExampleDatabase.xcdatamodeld */; };
		306C79CA2A574840001860E6 /* ExampleDatabase.xcdatamodeld in Sources */ = {isa = PBXBuildFile; fileRef = 306C79C62A574840001860E6 /* ExampleDatabase.xcdatamodeld */; };
		306C79DA2A586AA4001860E6 /* Dish+CoreDataClass.swift in Sources */ = {isa = PBXBuildFile; fileRef = 306C79D72A586AA4001860E6 /* Dish+CoreDataClass.swift */; };
		306C79DB2A586AA4001860E6 /* Dish+CoreDataClass.swift in Sources */ = {isa = PBXBuildFile; fileRef = 306C79D72A586AA4001860E6 /* Dish+CoreDataClass.swift */; };
		306C79DD2A586AA4001860E6 /* Dish+CoreDataProperties.swift in Sources */ = {isa = PBXBuildFile; fileRef = 306C79D82A586AA4001860E6 /* Dish+CoreDataProperties.swift */; };
		306C79DE2A586AA4001860E6 /* Dish+CoreDataProperties.swift in Sources */ = {isa = PBXBuildFile; fileRef = 306C79D82A586AA4001860E6 /* Dish+CoreDataProperties.swift */; };
		306C79E12A5C5BC9001860E6 /* MenuItemDetails.swift in Sources */ = {isa = PBXBuildFile; fileRef = 306C79DF2A5C5BC9001860E6 /* MenuItemDetails.swift */; };
		306C79E22A5C5BC9001860E6 /* MenuItemDetails.swift in Sources */ = {isa = PBXBuildFile; fileRef = 306C79DF2A5C5BC9001860E6 /* MenuItemDetails.swift */; };
		3087C5882A4F239400A3A7E3 /* Assets.xcassets in Resources */ = {isa = PBXBuildFile; fileRef = 3087C5872A4F239400A3A7E3 /* Assets.xcassets */; };
		3087C58B2A4F239400A3A7E3 /* Preview Assets.xcassets in Resources */ = {isa = PBXBuildFile; fileRef = 3087C58A2A4F239400A3A7E3 /* Preview Assets.xcassets */; };
		3087C5952A4F239400A3A7E3 /* littlelemonTests.swift in Sources */ = {isa = PBXBuildFile; fileRef = 3087C5942A4F239400A3A7E3 /* littlelemonTests.swift */; };
		3087C59F2A4F239400A3A7E3 /* littlelemonUITests.swift in Sources */ = {isa = PBXBuildFile; fileRef = 3087C59E2A4F239400A3A7E3 /* littlelemonUITests.swift */; };
		3087C5A12A4F239400A3A7E3 /* littlelemonUITestsLaunchTests.swift in Sources */ = {isa = PBXBuildFile; fileRef = 3087C5A02A4F239400A3A7E3 /* littlelemonUITestsLaunchTests.swift */; };
		30A13CAF2A60C2C4007B4417 /* FetchedObjects.swift in Sources */ = {isa = PBXBuildFile; fileRef = 306C79B72A55D71F001860E6 /* FetchedObjects.swift */; };
		30A13CB02A60C2C4007B4417 /* Persistence.swift in Sources */ = {isa = PBXBuildFile; fileRef = 306C79B62A55D71F001860E6 /* Persistence.swift */; };
		30A13CB12A60C2C4007B4417 /* Home.swift in Sources */ = {isa = PBXBuildFile; fileRef = 306C79AA2A531D66001860E6 /* Home.swift */; };
		30A13CB22A60C2C4007B4417 /* Menu.swift in Sources */ = {isa = PBXBuildFile; fileRef = 306C79AE2A5324BC001860E6 /* Menu.swift */; };
		30A13CB42A60C2C4007B4417 /* littlelemonApp.swift in Sources */ = {isa = PBXBuildFile; fileRef = 3087C5832A4F239300A3A7E3 /* littlelemonApp.swift */; };
		30A13CB52A60C2C4007B4417 /* ContentView.swift in Sources */ = {isa = PBXBuildFile; fileRef = 3087C5852A4F239300A3A7E3 /* ContentView.swift */; };
		30A13CB62A60C2C4007B4417 /* Onboarding.swift in Sources */ = {isa = PBXBuildFile; fileRef = 306C79A62A4F27DB001860E6 /* Onboarding.swift */; };
		30A13CB72A60C2C4007B4417 /* UserProfile.swift in Sources */ = {isa = PBXBuildFile; fileRef = 306C79B22A5351D3001860E6 /* UserProfile.swift */; };
/* End PBXBuildFile section */

/* Begin PBXContainerItemProxy section */
		3087C5912A4F239400A3A7E3 /* PBXContainerItemProxy */ = {
			isa = PBXContainerItemProxy;
			containerPortal = 3087C5782A4F239300A3A7E3 /* Project object */;
			proxyType = 1;
			remoteGlobalIDString = 3087C57F2A4F239300A3A7E3;
			remoteInfo = littlelemon;
		};
		3087C59B2A4F239400A3A7E3 /* PBXContainerItemProxy */ = {
			isa = PBXContainerItemProxy;
			containerPortal = 3087C5782A4F239300A3A7E3 /* Project object */;
			proxyType = 1;
			remoteGlobalIDString = 3087C57F2A4F239300A3A7E3;
			remoteInfo = littlelemon;
		};
/* End PBXContainerItemProxy section */

/* Begin PBXFileReference section */
		3038CA5B2A64566A0038058A /* headerView.swift */ = {isa = PBXFileReference; lastKnownFileType = sourcecode.swift; path = headerView.swift; sourceTree = "<group>"; };
		3038CA632A6470EB0038058A /* HeroView.swift */ = {isa = PBXFileReference; lastKnownFileType = sourcecode.swift; path = HeroView.swift; sourceTree = "<group>"; };
		3038CA672A647EC90038058A /* MenuBreakdown.swift */ = {isa = PBXFileReference; lastKnownFileType = sourcecode.swift; path = MenuBreakdown.swift; sourceTree = "<group>"; };
		306C79A62A4F27DB001860E6 /* Onboarding.swift */ = {isa = PBXFileReference; lastKnownFileType = sourcecode.swift; path = Onboarding.swift; sourceTree = "<group>"; tabWidth = 4; };
		306C79AA2A531D66001860E6 /* Home.swift */ = {isa = PBXFileReference; lastKnownFileType = sourcecode.swift; path = Home.swift; sourceTree = "<group>"; };
		306C79AE2A5324BC001860E6 /* Menu.swift */ = {isa = PBXFileReference; lastKnownFileType = sourcecode.swift; path = Menu.swift; sourceTree = "<group>"; };
		306C79B22A5351D3001860E6 /* UserProfile.swift */ = {isa = PBXFileReference; lastKnownFileType = sourcecode.swift; path = UserProfile.swift; sourceTree = "<group>"; };
		306C79B62A55D71F001860E6 /* Persistence.swift */ = {isa = PBXFileReference; fileEncoding = 4; lastKnownFileType = sourcecode.swift; path = Persistence.swift; sourceTree = "<group>"; };
		306C79B72A55D71F001860E6 /* FetchedObjects.swift */ = {isa = PBXFileReference; fileEncoding = 4; lastKnownFileType = sourcecode.swift; path = FetchedObjects.swift; sourceTree = "<group>"; };
		306C79BE2A55D7B2001860E6 /* MenuList.swift */ = {isa = PBXFileReference; lastKnownFileType = sourcecode.swift; path = MenuList.swift; sourceTree = "<group>"; };
		306C79C22A55D969001860E6 /* MenuItem.swift */ = {isa = PBXFileReference; lastKnownFileType = sourcecode.swift; path = MenuItem.swift; sourceTree = "<group>"; };
		306C79C72A574840001860E6 /* ExampleDatabase.xcdatamodel */ = {isa = PBXFileReference; lastKnownFileType = wrapper.xcdatamodel; path = ExampleDatabase.xcdatamodel; sourceTree = "<group>"; };
		306C79D72A586AA4001860E6 /* Dish+CoreDataClass.swift */ = {isa = PBXFileReference; lastKnownFileType = sourcecode.swift; path = "Dish+CoreDataClass.swift"; sourceTree = "<group>"; };
		306C79D82A586AA4001860E6 /* Dish+CoreDataProperties.swift */ = {isa = PBXFileReference; lastKnownFileType = sourcecode.swift; path = "Dish+CoreDataProperties.swift"; sourceTree = SOURCE_ROOT; };
		306C79DF2A5C5BC9001860E6 /* MenuItemDetails.swift */ = {isa = PBXFileReference; lastKnownFileType = sourcecode.swift; path = MenuItemDetails.swift; sourceTree = "<group>"; };
		3087C5802A4F239300A3A7E3 /* littlelemon.app */ = {isa = PBXFileReference; explicitFileType = wrapper.application; includeInIndex = 0; path = littlelemon.app; sourceTree = BUILT_PRODUCTS_DIR; };
		3087C5832A4F239300A3A7E3 /* littlelemonApp.swift */ = {isa = PBXFileReference; lastKnownFileType = sourcecode.swift; path = littlelemonApp.swift; sourceTree = "<group>"; };
		3087C5852A4F239300A3A7E3 /* ContentView.swift */ = {isa = PBXFileReference; lastKnownFileType = sourcecode.swift; path = ContentView.swift; sourceTree = "<group>"; };
		3087C5872A4F239400A3A7E3 /* Assets.xcassets */ = {isa = PBXFileReference; lastKnownFileType = folder.assetcatalog; path = Assets.xcassets; sourceTree = "<group>"; };
		3087C58A2A4F239400A3A7E3 /* Preview Assets.xcassets */ = {isa = PBXFileReference; lastKnownFileType = folder.assetcatalog; path = "Preview Assets.xcassets"; sourceTree = "<group>"; };
		3087C5902A4F239400A3A7E3 /* littlelemonTests.xctest */ = {isa = PBXFileReference; explicitFileType = wrapper.cfbundle; includeInIndex = 0; path = littlelemonTests.xctest; sourceTree = BUILT_PRODUCTS_DIR; };
		3087C5942A4F239400A3A7E3 /* littlelemonTests.swift */ = {isa = PBXFileReference; lastKnownFileType = sourcecode.swift; path = littlelemonTests.swift; sourceTree = "<group>"; };
		3087C59A2A4F239400A3A7E3 /* littlelemonUITests.xctest */ = {isa = PBXFileReference; explicitFileType = wrapper.cfbundle; includeInIndex = 0; path = littlelemonUITests.xctest; sourceTree = BUILT_PRODUCTS_DIR; };
		3087C59E2A4F239400A3A7E3 /* littlelemonUITests.swift */ = {isa = PBXFileReference; lastKnownFileType = sourcecode.swift; path = littlelemonUITests.swift; sourceTree = "<group>"; };
		3087C5A02A4F239400A3A7E3 /* littlelemonUITestsLaunchTests.swift */ = {isa = PBXFileReference; lastKnownFileType = sourcecode.swift; path = littlelemonUITestsLaunchTests.swift; sourceTree = "<group>"; };
/* End PBXFileReference section */

/* Begin PBXFrameworksBuildPhase section */
		3087C57D2A4F239300A3A7E3 /* Frameworks */ = {
			isa = PBXFrameworksBuildPhase;
			buildActionMask = 2147483647;
			files = (
			);
			runOnlyForDeploymentPostprocessing = 0;
		};
		3087C58D2A4F239400A3A7E3 /* Frameworks */ = {
			isa = PBXFrameworksBuildPhase;
			buildActionMask = 2147483647;
			files = (
			);
			runOnlyForDeploymentPostprocessing = 0;
		};
		3087C5972A4F239400A3A7E3 /* Frameworks */ = {
			isa = PBXFrameworksBuildPhase;
			buildActionMask = 2147483647;
			files = (
			);
			runOnlyForDeploymentPostprocessing = 0;
		};
/* End PBXFrameworksBuildPhase section */

/* Begin PBXGroup section */
		3087C5772A4F239300A3A7E3 = {
			isa = PBXGroup;
			children = (
				3038CA672A647EC90038058A /* MenuBreakdown.swift */,
				306C79D72A586AA4001860E6 /* Dish+CoreDataClass.swift */,
				306C79D82A586AA4001860E6 /* Dish+CoreDataProperties.swift */,
				3087C5822A4F239300A3A7E3 /* littlelemon */,
				3087C5932A4F239400A3A7E3 /* littlelemonTests */,
				3087C59D2A4F239400A3A7E3 /* littlelemonUITests */,
				3087C5812A4F239300A3A7E3 /* Products */,
			);
			sourceTree = "<group>";
		};
		3087C5812A4F239300A3A7E3 /* Products */ = {
			isa = PBXGroup;
			children = (
				3087C5802A4F239300A3A7E3 /* littlelemon.app */,
				3087C5902A4F239400A3A7E3 /* littlelemonTests.xctest */,
				3087C59A2A4F239400A3A7E3 /* littlelemonUITests.xctest */,
			);
			name = Products;
			sourceTree = "<group>";
		};
		3087C5822A4F239300A3A7E3 /* littlelemon */ = {
			isa = PBXGroup;
			children = (
				306C79B72A55D71F001860E6 /* FetchedObjects.swift */,
				306C79B62A55D71F001860E6 /* Persistence.swift */,
				306C79AA2A531D66001860E6 /* Home.swift */,
				306C79AE2A5324BC001860E6 /* Menu.swift */,
				3038CA632A6470EB0038058A /* HeroView.swift */,
				3038CA5B2A64566A0038058A /* headerView.swift */,
				306C79C62A574840001860E6 /* ExampleDatabase.xcdatamodeld */,
				3087C5832A4F239300A3A7E3 /* littlelemonApp.swift */,
				3087C5852A4F239300A3A7E3 /* ContentView.swift */,
				306C79A62A4F27DB001860E6 /* Onboarding.swift */,
				306C79B22A5351D3001860E6 /* UserProfile.swift */,
				3087C5872A4F239400A3A7E3 /* Assets.xcassets */,
				3087C5892A4F239400A3A7E3 /* Preview Content */,
				306C79BE2A55D7B2001860E6 /* MenuList.swift */,
				306C79C22A55D969001860E6 /* MenuItem.swift */,
				306C79DF2A5C5BC9001860E6 /* MenuItemDetails.swift */,
			);
			path = littlelemon;
			sourceTree = "<group>";
		};
		3087C5892A4F239400A3A7E3 /* Preview Content */ = {
			isa = PBXGroup;
			children = (
				3087C58A2A4F239400A3A7E3 /* Preview Assets.xcassets */,
			);
			path = "Preview Content";
			sourceTree = "<group>";
		};
		3087C5932A4F239400A3A7E3 /* littlelemonTests */ = {
			isa = PBXGroup;
			children = (
				3087C5942A4F239400A3A7E3 /* littlelemonTests.swift */,
			);
			path = littlelemonTests;
			sourceTree = "<group>";
		};
		3087C59D2A4F239400A3A7E3 /* littlelemonUITests */ = {
			isa = PBXGroup;
			children = (
				3087C59E2A4F239400A3A7E3 /* littlelemonUITests.swift */,
				3087C5A02A4F239400A3A7E3 /* littlelemonUITestsLaunchTests.swift */,
			);
			path = littlelemonUITests;
			sourceTree = "<group>";
		};
/* End PBXGroup section */

/* Begin PBXNativeTarget section */
		3087C57F2A4F239300A3A7E3 /* littlelemon */ = {
			isa = PBXNativeTarget;
			buildConfigurationList = 3087C5A42A4F239400A3A7E3 /* Build configuration list for PBXNativeTarget "littlelemon" */;
			buildPhases = (
				3087C57E2A4F239300A3A7E3 /* Resources */,
				30A13CAC2A60C28B007B4417 /* Sources */,
				3087C57D2A4F239300A3A7E3 /* Frameworks */,
			);
			buildRules = (
			);
			dependencies = (
			);
			name = littlelemon;
			productName = littlelemon;
			productReference = 3087C5802A4F239300A3A7E3 /* littlelemon.app */;
			productType = "com.apple.product-type.application";
		};
		3087C58F2A4F239400A3A7E3 /* littlelemonTests */ = {
			isa = PBXNativeTarget;
			buildConfigurationList = 3087C5A72A4F239400A3A7E3 /* Build configuration list for PBXNativeTarget "littlelemonTests" */;
			buildPhases = (
				3087C58C2A4F239400A3A7E3 /* Sources */,
				3087C58D2A4F239400A3A7E3 /* Frameworks */,
				3087C58E2A4F239400A3A7E3 /* Resources */,
			);
			buildRules = (
			);
			dependencies = (
				3087C5922A4F239400A3A7E3 /* PBXTargetDependency */,
			);
			name = littlelemonTests;
			productName = littlelemonTests;
			productReference = 3087C5902A4F239400A3A7E3 /* littlelemonTests.xctest */;
			productType = "com.apple.product-type.bundle.unit-test";
		};
		3087C5992A4F239400A3A7E3 /* littlelemonUITests */ = {
			isa = PBXNativeTarget;
			buildConfigurationList = 3087C5AA2A4F239400A3A7E3 /* Build configuration list for PBXNativeTarget "littlelemonUITests" */;
			buildPhases = (
				3087C5962A4F239400A3A7E3 /* Sources */,
				3087C5972A4F239400A3A7E3 /* Frameworks */,
				3087C5982A4F239400A3A7E3 /* Resources */,
			);
			buildRules = (
			);
			dependencies = (
				3087C59C2A4F239400A3A7E3 /* PBXTargetDependency */,
			);
			name = littlelemonUITests;
			productName = littlelemonUITests;
			productReference = 3087C59A2A4F239400A3A7E3 /* littlelemonUITests.xctest */;
			productType = "com.apple.product-type.bundle.ui-testing";
		};
/* End PBXNativeTarget section */

/* Begin PBXProject section */
		3087C5782A4F239300A3A7E3 /* Project object */ = {
			isa = PBXProject;
			attributes = {
				BuildIndependentTargetsInParallel = 1;
				LastSwiftUpdateCheck = 1420;
				LastUpgradeCheck = 1420;
				TargetAttributes = {
					3087C57F2A4F239300A3A7E3 = {
						CreatedOnToolsVersion = 14.2;
					};
					3087C58F2A4F239400A3A7E3 = {
						CreatedOnToolsVersion = 14.2;
						TestTargetID = 3087C57F2A4F239300A3A7E3;
					};
					3087C5992A4F239400A3A7E3 = {
						CreatedOnToolsVersion = 14.2;
						TestTargetID = 3087C57F2A4F239300A3A7E3;
					};
				};
			};
			buildConfigurationList = 3087C57B2A4F239300A3A7E3 /* Build configuration list for PBXProject "littlelemon" */;
			compatibilityVersion = "Xcode 14.0";
			developmentRegion = en;
			hasScannedForEncodings = 0;
			knownRegions = (
				en,
				Base,
			);
			mainGroup = 3087C5772A4F239300A3A7E3;
			productRefGroup = 3087C5812A4F239300A3A7E3 /* Products */;
			projectDirPath = "";
			projectRoot = "";
			targets = (
				3087C57F2A4F239300A3A7E3 /* littlelemon */,
				3087C58F2A4F239400A3A7E3 /* littlelemonTests */,
				3087C5992A4F239400A3A7E3 /* littlelemonUITests */,
			);
		};
/* End PBXProject section */

/* Begin PBXResourcesBuildPhase section */
		3087C57E2A4F239300A3A7E3 /* Resources */ = {
			isa = PBXResourcesBuildPhase;
			buildActionMask = 2147483647;
			files = (
				3087C58B2A4F239400A3A7E3 /* Preview Assets.xcassets in Resources */,
				3087C5882A4F239400A3A7E3 /* Assets.xcassets in Resources */,
			);
			runOnlyForDeploymentPostprocessing = 0;
		};
		3087C58E2A4F239400A3A7E3 /* Resources */ = {
			isa = PBXResourcesBuildPhase;
			buildActionMask = 2147483647;
			files = (
			);
			runOnlyForDeploymentPostprocessing = 0;
		};
		3087C5982A4F239400A3A7E3 /* Resources */ = {
			isa = PBXResourcesBuildPhase;
			buildActionMask = 2147483647;
			files = (
			);
			runOnlyForDeploymentPostprocessing = 0;
		};
/* End PBXResourcesBuildPhase section */

/* Begin PBXSourcesBuildPhase section */
		3087C58C2A4F239400A3A7E3 /* Sources */ = {
			isa = PBXSourcesBuildPhase;
			buildActionMask = 2147483647;
			files = (
				3038CA692A647EC90038058A /* MenuBreakdown.swift in Sources */,
				306C79A82A4F27DB001860E6 /* Onboarding.swift in Sources */,
				306C79AC2A531D66001860E6 /* Home.swift in Sources */,
				306C79C02A55D7B2001860E6 /* MenuList.swift in Sources */,
				3038CA5D2A64566A0038058A /* headerView.swift in Sources */,
				306C79B42A5351D3001860E6 /* UserProfile.swift in Sources */,
				306C79B92A55D71F001860E6 /* Persistence.swift in Sources */,
				306C79E12A5C5BC9001860E6 /* MenuItemDetails.swift in Sources */,
				306C79C92A574840001860E6 /* ExampleDatabase.xcdatamodeld in Sources */,
				306C79DA2A586AA4001860E6 /* Dish+CoreDataClass.swift in Sources */,
				306C79B02A5324BC001860E6 /* Menu.swift in Sources */,
				306C79C42A55D96A001860E6 /* MenuItem.swift in Sources */,
				306C79BC2A55D71F001860E6 /* FetchedObjects.swift in Sources */,
				3087C5952A4F239400A3A7E3 /* littlelemonTests.swift in Sources */,
				306C79DD2A586AA4001860E6 /* Dish+CoreDataProperties.swift in Sources */,
				3038CA652A6470EB0038058A /* HeroView.swift in Sources */,
			);
			runOnlyForDeploymentPostprocessing = 0;
		};
		3087C5962A4F239400A3A7E3 /* Sources */ = {
			isa = PBXSourcesBuildPhase;
			buildActionMask = 2147483647;
			files = (
				306C79E22A5C5BC9001860E6 /* MenuItemDetails.swift in Sources */,
				306C79CA2A574840001860E6 /* ExampleDatabase.xcdatamodeld in Sources */,
				3038CA662A6470EB0038058A /* HeroView.swift in Sources */,
				306C79A92A4F27DB001860E6 /* Onboarding.swift in Sources */,
				306C79DE2A586AA4001860E6 /* Dish+CoreDataProperties.swift in Sources */,
				3087C5A12A4F239400A3A7E3 /* littlelemonUITestsLaunchTests.swift in Sources */,
				3038CA5E2A64566A0038058A /* headerView.swift in Sources */,
				306C79B52A5351D3001860E6 /* UserProfile.swift in Sources */,
				306C79BA2A55D71F001860E6 /* Persistence.swift in Sources */,
				306C79BD2A55D71F001860E6 /* FetchedObjects.swift in Sources */,
				306C79AD2A531D66001860E6 /* Home.swift in Sources */,
				306C79DB2A586AA4001860E6 /* Dish+CoreDataClass.swift in Sources */,
				3087C59F2A4F239400A3A7E3 /* littlelemonUITests.swift in Sources */,
				306C79C12A55D7B2001860E6 /* MenuList.swift in Sources */,
				3038CA6A2A647EC90038058A /* MenuBreakdown.swift in Sources */,
				306C79B12A5324BC001860E6 /* Menu.swift in Sources */,
				306C79C52A55D96A001860E6 /* MenuItem.swift in Sources */,
			);
			runOnlyForDeploymentPostprocessing = 0;
		};
		30A13CAC2A60C28B007B4417 /* Sources */ = {
			isa = PBXSourcesBuildPhase;
			buildActionMask = 2147483647;
			files = (
				3038CA5A2A60E3E00038058A /* Dish+CoreDataProperties.swift in Sources */,
				3038CA592A60E3AF0038058A /* Dish+CoreDataClass.swift in Sources */,
				3038CA642A6470EB0038058A /* HeroView.swift in Sources */,
				3038CA572A60E1C70038058A /* ExampleDatabase.xcdatamodeld in Sources */,
				3038CA562A60DE8C0038058A /* MenuItemDetails.swift in Sources */,
				3038CA552A60DE830038058A /* MenuList.swift in Sources */,
				3038CA5C2A64566A0038058A /* headerView.swift in Sources */,
				3038CA542A60DE7D0038058A /* MenuItem.swift in Sources */,
				30A13CB62A60C2C4007B4417 /* Onboarding.swift in Sources */,
				30A13CB02A60C2C4007B4417 /* Persistence.swift in Sources */,
				30A13CB22A60C2C4007B4417 /* Menu.swift in Sources */,
				30A13CB12A60C2C4007B4417 /* Home.swift in Sources */,
				30A13CB72A60C2C4007B4417 /* UserProfile.swift in Sources */,
				30A13CAF2A60C2C4007B4417 /* FetchedObjects.swift in Sources */,
				3038CA682A647EC90038058A /* MenuBreakdown.swift in Sources */,
				30A13CB42A60C2C4007B4417 /* littlelemonApp.swift in Sources */,
				30A13CB52A60C2C4007B4417 /* ContentView.swift in Sources */,
			);
			runOnlyForDeploymentPostprocessing = 0;
		};
/* End PBXSourcesBuildPhase section */

/* Begin PBXTargetDependency section */
		3087C5922A4F239400A3A7E3 /* PBXTargetDependency */ = {
			isa = PBXTargetDependency;
			target = 3087C57F2A4F239300A3A7E3 /* littlelemon */;
			targetProxy = 3087C5912A4F239400A3A7E3 /* PBXContainerItemProxy */;
		};
		3087C59C2A4F239400A3A7E3 /* PBXTargetDependency */ = {
			isa = PBXTargetDependency;
			target = 3087C57F2A4F239300A3A7E3 /* littlelemon */;
			targetProxy = 3087C59B2A4F239400A3A7E3 /* PBXContainerItemProxy */;
		};
/* End PBXTargetDependency section */

/* Begin XCBuildConfiguration section */
		3087C5A22A4F239400A3A7E3 /* Debug */ = {
			isa = XCBuildConfiguration;
			buildSettings = {
				ALWAYS_SEARCH_USER_PATHS = NO;
				CLANG_ANALYZER_NONNULL = YES;
				CLANG_ANALYZER_NUMBER_OBJECT_CONVERSION = YES_AGGRESSIVE;
				CLANG_CXX_LANGUAGE_STANDARD = "gnu++20";
				CLANG_ENABLE_MODULES = YES;
				CLANG_ENABLE_OBJC_ARC = YES;
				CLANG_ENABLE_OBJC_WEAK = YES;
				CLANG_WARN_BLOCK_CAPTURE_AUTORELEASING = YES;
				CLANG_WARN_BOOL_CONVERSION = YES;
				CLANG_WARN_COMMA = YES;
				CLANG_WARN_CONSTANT_CONVERSION = YES;
				CLANG_WARN_DEPRECATED_OBJC_IMPLEMENTATIONS = YES;
				CLANG_WARN_DIRECT_OBJC_ISA_USAGE = YES_ERROR;
				CLANG_WARN_DOCUMENTATION_COMMENTS = YES;
				CLANG_WARN_EMPTY_BODY = YES;
				CLANG_WARN_ENUM_CONVERSION = YES;
				CLANG_WARN_INFINITE_RECURSION = YES;
				CLANG_WARN_INT_CONVERSION = YES;
				CLANG_WARN_NON_LITERAL_NULL_CONVERSION = YES;
				CLANG_WARN_OBJC_IMPLICIT_RETAIN_SELF = YES;
				CLANG_WARN_OBJC_LITERAL_CONVERSION = YES;
				CLANG_WARN_OBJC_ROOT_CLASS = YES_ERROR;
				CLANG_WARN_QUOTED_INCLUDE_IN_FRAMEWORK_HEADER = YES;
				CLANG_WARN_RANGE_LOOP_ANALYSIS = YES;
				CLANG_WARN_STRICT_PROTOTYPES = YES;
				CLANG_WARN_SUSPICIOUS_MOVE = YES;
				CLANG_WARN_UNGUARDED_AVAILABILITY = YES_AGGRESSIVE;
				CLANG_WARN_UNREACHABLE_CODE = YES;
				CLANG_WARN__DUPLICATE_METHOD_MATCH = YES;
				COPY_PHASE_STRIP = NO;
				DEBUG_INFORMATION_FORMAT = dwarf;
				ENABLE_STRICT_OBJC_MSGSEND = YES;
				ENABLE_TESTABILITY = YES;
				GCC_C_LANGUAGE_STANDARD = gnu11;
				GCC_DYNAMIC_NO_PIC = NO;
				GCC_NO_COMMON_BLOCKS = YES;
				GCC_OPTIMIZATION_LEVEL = 0;
				GCC_PREPROCESSOR_DEFINITIONS = (
					"DEBUG=1",
					"$(inherited)",
				);
				GCC_WARN_64_TO_32_BIT_CONVERSION = YES;
				GCC_WARN_ABOUT_RETURN_TYPE = YES_ERROR;
				GCC_WARN_UNDECLARED_SELECTOR = YES;
				GCC_WARN_UNINITIALIZED_AUTOS = YES_AGGRESSIVE;
				GCC_WARN_UNUSED_FUNCTION = YES;
				GCC_WARN_UNUSED_VARIABLE = YES;
				IPHONEOS_DEPLOYMENT_TARGET = 16.2;
				MTL_ENABLE_DEBUG_INFO = INCLUDE_SOURCE;
				MTL_FAST_MATH = YES;
				ONLY_ACTIVE_ARCH = YES;
				SDKROOT = iphoneos;
				SWIFT_ACTIVE_COMPILATION_CONDITIONS = DEBUG;
				SWIFT_OPTIMIZATION_LEVEL = "-Onone";
			};
			name = Debug;
		};
		3087C5A32A4F239400A3A7E3 /* Release */ = {
			isa = XCBuildConfiguration;
			buildSettings = {
				ALWAYS_SEARCH_USER_PATHS = NO;
				CLANG_ANALYZER_NONNULL = YES;
				CLANG_ANALYZER_NUMBER_OBJECT_CONVERSION = YES_AGGRESSIVE;
				CLANG_CXX_LANGUAGE_STANDARD = "gnu++20";
				CLANG_ENABLE_MODULES = YES;
				CLANG_ENABLE_OBJC_ARC = YES;
				CLANG_ENABLE_OBJC_WEAK = YES;
				CLANG_WARN_BLOCK_CAPTURE_AUTORELEASING = YES;
				CLANG_WARN_BOOL_CONVERSION = YES;
				CLANG_WARN_COMMA = YES;
				CLANG_WARN_CONSTANT_CONVERSION = YES;
				CLANG_WARN_DEPRECATED_OBJC_IMPLEMENTATIONS = YES;
				CLANG_WARN_DIRECT_OBJC_ISA_USAGE = YES_ERROR;
				CLANG_WARN_DOCUMENTATION_COMMENTS = YES;
				CLANG_WARN_EMPTY_BODY = YES;
				CLANG_WARN_ENUM_CONVERSION = YES;
				CLANG_WARN_INFINITE_RECURSION = YES;
				CLANG_WARN_INT_CONVERSION = YES;
				CLANG_WARN_NON_LITERAL_NULL_CONVERSION = YES;
				CLANG_WARN_OBJC_IMPLICIT_RETAIN_SELF = YES;
				CLANG_WARN_OBJC_LITERAL_CONVERSION = YES;
				CLANG_WARN_OBJC_ROOT_CLASS = YES_ERROR;
				CLANG_WARN_QUOTED_INCLUDE_IN_FRAMEWORK_HEADER = YES;
				CLANG_WARN_RANGE_LOOP_ANALYSIS = YES;
				CLANG_WARN_STRICT_PROTOTYPES = YES;
				CLANG_WARN_SUSPICIOUS_MOVE = YES;
				CLANG_WARN_UNGUARDED_AVAILABILITY = YES_AGGRESSIVE;
				CLANG_WARN_UNREACHABLE_CODE = YES;
				CLANG_WARN__DUPLICATE_METHOD_MATCH = YES;
				COPY_PHASE_STRIP = NO;
				DEBUG_INFORMATION_FORMAT = "dwarf-with-dsym";
				ENABLE_NS_ASSERTIONS = NO;
				ENABLE_STRICT_OBJC_MSGSEND = YES;
				GCC_C_LANGUAGE_STANDARD = gnu11;
				GCC_NO_COMMON_BLOCKS = YES;
				GCC_WARN_64_TO_32_BIT_CONVERSION = YES;
				GCC_WARN_ABOUT_RETURN_TYPE = YES_ERROR;
				GCC_WARN_UNDECLARED_SELECTOR = YES;
				GCC_WARN_UNINITIALIZED_AUTOS = YES_AGGRESSIVE;
				GCC_WARN_UNUSED_FUNCTION = YES;
				GCC_WARN_UNUSED_VARIABLE = YES;
				IPHONEOS_DEPLOYMENT_TARGET = 16.2;
				MTL_ENABLE_DEBUG_INFO = NO;
				MTL_FAST_MATH = YES;
				SDKROOT = iphoneos;
				SWIFT_COMPILATION_MODE = wholemodule;
				SWIFT_OPTIMIZATION_LEVEL = "-O";
				VALIDATE_PRODUCT = YES;
			};
			name = Release;
		};
		3087C5A52A4F239400A3A7E3 /* Debug */ = {
			isa = XCBuildConfiguration;
			buildSettings = {
				ASSETCATALOG_COMPILER_APPICON_NAME = AppIcon;
				ASSETCATALOG_COMPILER_GLOBAL_ACCENT_COLOR_NAME = AccentColor;
				CODE_SIGN_STYLE = Automatic;
				CURRENT_PROJECT_VERSION = 1;
				DEVELOPMENT_ASSET_PATHS = "\"littlelemon/Preview Content\"";
				DEVELOPMENT_TEAM = 5JVSN3RCY7;
				ENABLE_PREVIEWS = YES;
				GENERATE_INFOPLIST_FILE = YES;
				INFOPLIST_KEY_UIApplicationSceneManifest_Generation = YES;
				INFOPLIST_KEY_UIApplicationSupportsIndirectInputEvents = YES;
				INFOPLIST_KEY_UILaunchScreen_Generation = YES;
				INFOPLIST_KEY_UISupportedInterfaceOrientations_iPad = "UIInterfaceOrientationPortrait UIInterfaceOrientationPortraitUpsideDown UIInterfaceOrientationLandscapeLeft UIInterfaceOrientationLandscapeRight";
				INFOPLIST_KEY_UISupportedInterfaceOrientations_iPhone = "UIInterfaceOrientationPortrait UIInterfaceOrientationLandscapeLeft UIInterfaceOrientationLandscapeRight";
				LD_RUNPATH_SEARCH_PATHS = (
					"$(inherited)",
					"@executable_path/Frameworks",
				);
				MARKETING_VERSION = 1.0;
				PRECOMPS_INCLUDE_HEADERS_FROM_BUILT_PRODUCTS_DIR = YES;
				PRODUCT_BUNDLE_IDENTIFIER = com.robpal.littlelemon;
				PRODUCT_NAME = "$(TARGET_NAME)";
				SWIFT_EMIT_LOC_STRINGS = YES;
				SWIFT_VERSION = 5.0;
				TARGETED_DEVICE_FAMILY = "1,2";
			};
			name = Debug;
		};
		3087C5A62A4F239400A3A7E3 /* Release */ = {
			isa = XCBuildConfiguration;
			buildSettings = {
				ASSETCATALOG_COMPILER_APPICON_NAME = AppIcon;
				ASSETCATALOG_COMPILER_GLOBAL_ACCENT_COLOR_NAME = AccentColor;
				CODE_SIGN_STYLE = Automatic;
				CURRENT_PROJECT_VERSION = 1;
				DEVELOPMENT_ASSET_PATHS = "\"littlelemon/Preview Content\"";
				DEVELOPMENT_TEAM = 5JVSN3RCY7;
				ENABLE_PREVIEWS = YES;
				GENERATE_INFOPLIST_FILE = YES;
				INFOPLIST_KEY_UIApplicationSceneManifest_Generation = YES;
				INFOPLIST_KEY_UIApplicationSupportsIndirectInputEvents = YES;
				INFOPLIST_KEY_UILaunchScreen_Generation = YES;
				INFOPLIST_KEY_UISupportedInterfaceOrientations_iPad = "UIInterfaceOrientationPortrait UIInterfaceOrientationPortraitUpsideDown UIInterfaceOrientationLandscapeLeft UIInterfaceOrientationLandscapeRight";
				INFOPLIST_KEY_UISupportedInterfaceOrientations_iPhone = "UIInterfaceOrientationPortrait UIInterfaceOrientationLandscapeLeft UIInterfaceOrientationLandscapeRight";
				LD_RUNPATH_SEARCH_PATHS = (
					"$(inherited)",
					"@executable_path/Frameworks",
				);
				MARKETING_VERSION = 1.0;
				PRECOMPS_INCLUDE_HEADERS_FROM_BUILT_PRODUCTS_DIR = YES;
				PRODUCT_BUNDLE_IDENTIFIER = com.robpal.littlelemon;
				PRODUCT_NAME = "$(TARGET_NAME)";
				SWIFT_EMIT_LOC_STRINGS = YES;
				SWIFT_VERSION = 5.0;
				TARGETED_DEVICE_FAMILY = "1,2";
			};
			name = Release;
		};
		3087C5A82A4F239400A3A7E3 /* Debug */ = {
			isa = XCBuildConfiguration;
			buildSettings = {
				ALWAYS_EMBED_SWIFT_STANDARD_LIBRARIES = YES;
				BUNDLE_LOADER = "$(TEST_HOST)";
				CODE_SIGN_STYLE = Automatic;
				CURRENT_PROJECT_VERSION = 1;
				DEVELOPMENT_TEAM = 5JVSN3RCY7;
				GENERATE_INFOPLIST_FILE = YES;
				IPHONEOS_DEPLOYMENT_TARGET = 16.2;
				MARKETING_VERSION = 1.0;
				PRODUCT_BUNDLE_IDENTIFIER = com.robpal.littlelemonTests;
				PRODUCT_NAME = "$(TARGET_NAME)";
				SWIFT_EMIT_LOC_STRINGS = NO;
				SWIFT_VERSION = 5.0;
				TARGETED_DEVICE_FAMILY = "1,2";
				TEST_HOST = "$(BUILT_PRODUCTS_DIR)/littlelemon.app/$(BUNDLE_EXECUTABLE_FOLDER_PATH)/littlelemon";
			};
			name = Debug;
		};
		3087C5A92A4F239400A3A7E3 /* Release */ = {
			isa = XCBuildConfiguration;
			buildSettings = {
				ALWAYS_EMBED_SWIFT_STANDARD_LIBRARIES = YES;
				BUNDLE_LOADER = "$(TEST_HOST)";
				CODE_SIGN_STYLE = Automatic;
				CURRENT_PROJECT_VERSION = 1;
				DEVELOPMENT_TEAM = 5JVSN3RCY7;
				GENERATE_INFOPLIST_FILE = YES;
				IPHONEOS_DEPLOYMENT_TARGET = 16.2;
				MARKETING_VERSION = 1.0;
				PRODUCT_BUNDLE_IDENTIFIER = com.robpal.littlelemonTests;
				PRODUCT_NAME = "$(TARGET_NAME)";
				SWIFT_EMIT_LOC_STRINGS = NO;
				SWIFT_VERSION = 5.0;
				TARGETED_DEVICE_FAMILY = "1,2";
				TEST_HOST = "$(BUILT_PRODUCTS_DIR)/littlelemon.app/$(BUNDLE_EXECUTABLE_FOLDER_PATH)/littlelemon";
			};
			name = Release;
		};
		3087C5AB2A4F239400A3A7E3 /* Debug */ = {
			isa = XCBuildConfiguration;
			buildSettings = {
				ALWAYS_EMBED_SWIFT_STANDARD_LIBRARIES = YES;
				CODE_SIGN_STYLE = Automatic;
				CURRENT_PROJECT_VERSION = 1;
				DEVELOPMENT_TEAM = 5JVSN3RCY7;
				GENERATE_INFOPLIST_FILE = YES;
				MARKETING_VERSION = 1.0;
				PRODUCT_BUNDLE_IDENTIFIER = com.robpal.littlelemonUITests;
				PRODUCT_NAME = "$(TARGET_NAME)";
				SWIFT_EMIT_LOC_STRINGS = NO;
				SWIFT_VERSION = 5.0;
				TARGETED_DEVICE_FAMILY = "1,2";
				TEST_TARGET_NAME = littlelemon;
			};
			name = Debug;
		};
		3087C5AC2A4F239400A3A7E3 /* Release */ = {
			isa = XCBuildConfiguration;
			buildSettings = {
				ALWAYS_EMBED_SWIFT_STANDARD_LIBRARIES = YES;
				CODE_SIGN_STYLE = Automatic;
				CURRENT_PROJECT_VERSION = 1;
				DEVELOPMENT_TEAM = 5JVSN3RCY7;
				GENERATE_INFOPLIST_FILE = YES;
				MARKETING_VERSION = 1.0;
				PRODUCT_BUNDLE_IDENTIFIER = com.robpal.littlelemonUITests;
				PRODUCT_NAME = "$(TARGET_NAME)";
				SWIFT_EMIT_LOC_STRINGS = NO;
				SWIFT_VERSION = 5.0;
				TARGETED_DEVICE_FAMILY = "1,2";
				TEST_TARGET_NAME = littlelemon;
			};
			name = Release;
		};
/* End XCBuildConfiguration section */

/* Begin XCConfigurationList section */
		3087C57B2A4F239300A3A7E3 /* Build configuration list for PBXProject "littlelemon" */ = {
			isa = XCConfigurationList;
			buildConfigurations = (
				3087C5A22A4F239400A3A7E3 /* Debug */,
				3087C5A32A4F239400A3A7E3 /* Release */,
			);
			defaultConfigurationIsVisible = 0;
			defaultConfigurationName = Release;
		};
		3087C5A42A4F239400A3A7E3 /* Build configuration list for PBXNativeTarget "littlelemon" */ = {
			isa = XCConfigurationList;
			buildConfigurations = (
				3087C5A52A4F239400A3A7E3 /* Debug */,
				3087C5A62A4F239400A3A7E3 /* Release */,
			);
			defaultConfigurationIsVisible = 0;
			defaultConfigurationName = Release;
		};
		3087C5A72A4F239400A3A7E3 /* Build configuration list for PBXNativeTarget "littlelemonTests" */ = {
			isa = XCConfigurationList;
			buildConfigurations = (
				3087C5A82A4F239400A3A7E3 /* Debug */,
				3087C5A92A4F239400A3A7E3 /* Release */,
			);
			defaultConfigurationIsVisible = 0;
			defaultConfigurationName = Release;
		};
		3087C5AA2A4F239400A3A7E3 /* Build configuration list for PBXNativeTarget "littlelemonUITests" */ = {
			isa = XCConfigurationList;
			buildConfigurations = (
				3087C5AB2A4F239400A3A7E3 /* Debug */,
				3087C5AC2A4F239400A3A7E3 /* Release */,
			);
			defaultConfigurationIsVisible = 0;
			defaultConfigurationName = Release;
		};
/* End XCConfigurationList section */

/* Begin XCVersionGroup section */
		306C79C62A574840001860E6 /* ExampleDatabase.xcdatamodeld */ = {
			isa = XCVersionGroup;
			children = (
				306C79C72A574840001860E6 /* ExampleDatabase.xcdatamodel */,
			);
			currentVersion = 306C79C72A574840001860E6 /* ExampleDatabase.xcdatamodel */;
			path = ExampleDatabase.xcdatamodeld;
			sourceTree = "<group>";
			versionGroupType = wrapper.xcdatamodel;
		};
/* End XCVersionGroup section */
	};
	rootObject = 3087C5782A4F239300A3A7E3 /* Project object */;
}
